// !$*UTF8*$!
{
	archiveVersion = 1;
	classes = {
	};
	objectVersion = 55;
	objects = {

/* Begin PBXBuildFile section */
		421E16DD2885F5880091C076 /* HomeViewController.swift in Sources */ = {isa = PBXBuildFile; fileRef = 421E16DC2885F5880091C076 /* HomeViewController.swift */; };
		421E16DF2885FD830091C076 /* ApiUser.swift in Sources */ = {isa = PBXBuildFile; fileRef = 421E16DE2885FD830091C076 /* ApiUser.swift */; };
		421EF822288D3BBA00658A07 /* ApiShows.swift in Sources */ = {isa = PBXBuildFile; fileRef = 421EF821288D3BBA00658A07 /* ApiShows.swift */; };
		427277FC287853C80057F632 /* Login.storyboard in Resources */ = {isa = PBXBuildFile; fileRef = 427277FB287853C80057F632 /* Login.storyboard */; };
		427277FE287853FC0057F632 /* LoginViewController.swift in Sources */ = {isa = PBXBuildFile; fileRef = 427277FD287853FC0057F632 /* LoginViewController.swift */; };
		42B19E9C2875F82000EB4836 /* AppDelegate.swift in Sources */ = {isa = PBXBuildFile; fileRef = 42B19E9B2875F82000EB4836 /* AppDelegate.swift */; };
		42B19E9E2875F82000EB4836 /* SceneDelegate.swift in Sources */ = {isa = PBXBuildFile; fileRef = 42B19E9D2875F82000EB4836 /* SceneDelegate.swift */; };
		42B19EA02875F82000EB4836 /* ViewController.swift in Sources */ = {isa = PBXBuildFile; fileRef = 42B19E9F2875F82000EB4836 /* ViewController.swift */; };
		42B19EA52875F82200EB4836 /* Assets.xcassets in Resources */ = {isa = PBXBuildFile; fileRef = 42B19EA42875F82200EB4836 /* Assets.xcassets */; };
		42B19EA82875F82200EB4836 /* LaunchScreen.storyboard in Resources */ = {isa = PBXBuildFile; fileRef = 42B19EA62875F82200EB4836 /* LaunchScreen.storyboard */; };
		74BB6648AF7B23009028BFF9 /* Pods_TV_Show.framework in Frameworks */ = {isa = PBXBuildFile; fileRef = EBAAB7B7F152CFE1849B5765 /* Pods_TV_Show.framework */; };
/* End PBXBuildFile section */

/* Begin PBXFileReference section */
		421E16DC2885F5880091C076 /* HomeViewController.swift */ = {isa = PBXFileReference; lastKnownFileType = sourcecode.swift; path = HomeViewController.swift; sourceTree = "<group>"; };
		421E16DE2885FD830091C076 /* ApiUser.swift */ = {isa = PBXFileReference; lastKnownFileType = sourcecode.swift; path = ApiUser.swift; sourceTree = "<group>"; };
		421EF821288D3BBA00658A07 /* ApiShows.swift */ = {isa = PBXFileReference; lastKnownFileType = sourcecode.swift; path = ApiShows.swift; sourceTree = "<group>"; };
		427277FB287853C80057F632 /* Login.storyboard */ = {isa = PBXFileReference; lastKnownFileType = file.storyboard; path = Login.storyboard; sourceTree = "<group>"; };
		427277FD287853FC0057F632 /* LoginViewController.swift */ = {isa = PBXFileReference; lastKnownFileType = sourcecode.swift; path = LoginViewController.swift; sourceTree = "<group>"; };
		42B19E982875F82000EB4836 /* TV Show.app */ = {isa = PBXFileReference; explicitFileType = wrapper.application; includeInIndex = 0; path = "TV Show.app"; sourceTree = BUILT_PRODUCTS_DIR; };
		42B19E9B2875F82000EB4836 /* AppDelegate.swift */ = {isa = PBXFileReference; lastKnownFileType = sourcecode.swift; path = AppDelegate.swift; sourceTree = "<group>"; };
		42B19E9D2875F82000EB4836 /* SceneDelegate.swift */ = {isa = PBXFileReference; lastKnownFileType = sourcecode.swift; path = SceneDelegate.swift; sourceTree = "<group>"; };
		42B19E9F2875F82000EB4836 /* ViewController.swift */ = {isa = PBXFileReference; lastKnownFileType = sourcecode.swift; path = ViewController.swift; sourceTree = "<group>"; };
		42B19EA42875F82200EB4836 /* Assets.xcassets */ = {isa = PBXFileReference; lastKnownFileType = folder.assetcatalog; path = Assets.xcassets; sourceTree = "<group>"; };
		42B19EA72875F82200EB4836 /* Base */ = {isa = PBXFileReference; lastKnownFileType = file.storyboard; name = Base; path = Base.lproj/LaunchScreen.storyboard; sourceTree = "<group>"; };
		42B19EA92875F82200EB4836 /* Info.plist */ = {isa = PBXFileReference; lastKnownFileType = text.plist.xml; path = Info.plist; sourceTree = "<group>"; };
		A73CF2C284F0B27B917B2283 /* Pods-TV Show.release.xcconfig */ = {isa = PBXFileReference; includeInIndex = 1; lastKnownFileType = text.xcconfig; name = "Pods-TV Show.release.xcconfig"; path = "Target Support Files/Pods-TV Show/Pods-TV Show.release.xcconfig"; sourceTree = "<group>"; };
		BE3107D1077911F4E916C452 /* Pods-TV Show.debug.xcconfig */ = {isa = PBXFileReference; includeInIndex = 1; lastKnownFileType = text.xcconfig; name = "Pods-TV Show.debug.xcconfig"; path = "Target Support Files/Pods-TV Show/Pods-TV Show.debug.xcconfig"; sourceTree = "<group>"; };
		EBAAB7B7F152CFE1849B5765 /* Pods_TV_Show.framework */ = {isa = PBXFileReference; explicitFileType = wrapper.framework; includeInIndex = 0; path = Pods_TV_Show.framework; sourceTree = BUILT_PRODUCTS_DIR; };
/* End PBXFileReference section */

/* Begin PBXFrameworksBuildPhase section */
		42B19E952875F82000EB4836 /* Frameworks */ = {
			isa = PBXFrameworksBuildPhase;
			buildActionMask = 2147483647;
			files = (
				74BB6648AF7B23009028BFF9 /* Pods_TV_Show.framework in Frameworks */,
			);
			runOnlyForDeploymentPostprocessing = 0;
		};
/* End PBXFrameworksBuildPhase section */

/* Begin PBXGroup section */
		24219CE06E59CE69C8C445BC /* Pods */ = {
			isa = PBXGroup;
			children = (
				BE3107D1077911F4E916C452 /* Pods-TV Show.debug.xcconfig */,
				A73CF2C284F0B27B917B2283 /* Pods-TV Show.release.xcconfig */,
			);
			path = Pods;
			sourceTree = "<group>";
		};
		293363378FE2996FE5F81719 /* Frameworks */ = {
			isa = PBXGroup;
			children = (
				EBAAB7B7F152CFE1849B5765 /* Pods_TV_Show.framework */,
			);
			name = Frameworks;
			sourceTree = "<group>";
		};
		427277F8287853350057F632 /* Login */ = {
			isa = PBXGroup;
			children = (
				427277FB287853C80057F632 /* Login.storyboard */,
				427277FD287853FC0057F632 /* LoginViewController.swift */,
				421E16DC2885F5880091C076 /* HomeViewController.swift */,
				421E16DE2885FD830091C076 /* ApiUser.swift */,
				421EF821288D3BBA00658A07 /* ApiShows.swift */,
			);
			path = Login;
			sourceTree = "<group>";
		};
		42B19E8F2875F82000EB4836 = {
			isa = PBXGroup;
			children = (
				42B19E9A2875F82000EB4836 /* TV Show */,
				42B19E992875F82000EB4836 /* Products */,
				24219CE06E59CE69C8C445BC /* Pods */,
				293363378FE2996FE5F81719 /* Frameworks */,
			);
			sourceTree = "<group>";
		};
		42B19E992875F82000EB4836 /* Products */ = {
			isa = PBXGroup;
			children = (
				42B19E982875F82000EB4836 /* TV Show.app */,
			);
			name = Products;
			sourceTree = "<group>";
		};
		42B19E9A2875F82000EB4836 /* TV Show */ = {
			isa = PBXGroup;
			children = (
				42B4EDB32880432000AB1DDE /* ViewControllers */,
				42B19E9B2875F82000EB4836 /* AppDelegate.swift */,
				42B19E9D2875F82000EB4836 /* SceneDelegate.swift */,
				42B19E9F2875F82000EB4836 /* ViewController.swift */,
				42B19EA42875F82200EB4836 /* Assets.xcassets */,
				42B19EA62875F82200EB4836 /* LaunchScreen.storyboard */,
				42B19EA92875F82200EB4836 /* Info.plist */,
			);
			path = "TV Show";
			sourceTree = "<group>";
		};
		42B4EDB32880432000AB1DDE /* ViewControllers */ = {
			isa = PBXGroup;
			children = (
				427277F8287853350057F632 /* Login */,
			);
			path = ViewControllers;
			sourceTree = "<group>";
		};
/* End PBXGroup section */

/* Begin PBXNativeTarget section */
		42B19E972875F82000EB4836 /* TV Show */ = {
			isa = PBXNativeTarget;
			buildConfigurationList = 42B19EAC2875F82200EB4836 /* Build configuration list for PBXNativeTarget "TV Show" */;
			buildPhases = (
				94BD2BA854A2B39C3B3A3AF8 /* [CP] Check Pods Manifest.lock */,
				42B19E942875F82000EB4836 /* Sources */,
				42B19E952875F82000EB4836 /* Frameworks */,
				42B19E962875F82000EB4836 /* Resources */,
				8EFD74EBAB6A3B54B4F17D2F /* [CP] Embed Pods Frameworks */,
			);
			buildRules = (
			);
			dependencies = (
			);
			name = "TV Show";
			productName = "TV Show";
			productReference = 42B19E982875F82000EB4836 /* TV Show.app */;
			productType = "com.apple.product-type.application";
		};
/* End PBXNativeTarget section */

/* Begin PBXProject section */
		42B19E902875F82000EB4836 /* Project object */ = {
			isa = PBXProject;
			attributes = {
				BuildIndependentTargetsInParallel = 1;
				LastSwiftUpdateCheck = 1340;
				LastUpgradeCheck = 1340;
				TargetAttributes = {
					42B19E972875F82000EB4836 = {
						CreatedOnToolsVersion = 13.4.1;
					};
				};
			};
			buildConfigurationList = 42B19E932875F82000EB4836 /* Build configuration list for PBXProject "TV Show" */;
			compatibilityVersion = "Xcode 13.0";
			developmentRegion = en;
			hasScannedForEncodings = 0;
			knownRegions = (
				en,
				Base,
			);
			mainGroup = 42B19E8F2875F82000EB4836;
			productRefGroup = 42B19E992875F82000EB4836 /* Products */;
			projectDirPath = "";
			projectRoot = "";
			targets = (
				42B19E972875F82000EB4836 /* TV Show */,
			);
		};
/* End PBXProject section */

/* Begin PBXResourcesBuildPhase section */
		42B19E962875F82000EB4836 /* Resources */ = {
			isa = PBXResourcesBuildPhase;
			buildActionMask = 2147483647;
			files = (
				42B19EA82875F82200EB4836 /* LaunchScreen.storyboard in Resources */,
				42B19EA52875F82200EB4836 /* Assets.xcassets in Resources */,
				427277FC287853C80057F632 /* Login.storyboard in Resources */,
			);
			runOnlyForDeploymentPostprocessing = 0;
		};
/* End PBXResourcesBuildPhase section */

/* Begin PBXShellScriptBuildPhase section */
		8EFD74EBAB6A3B54B4F17D2F /* [CP] Embed Pods Frameworks */ = {
			isa = PBXShellScriptBuildPhase;
			buildActionMask = 2147483647;
			files = (
			);
			inputFileListPaths = (
				"${PODS_ROOT}/Target Support Files/Pods-TV Show/Pods-TV Show-frameworks-${CONFIGURATION}-input-files.xcfilelist",
			);
			name = "[CP] Embed Pods Frameworks";
			outputFileListPaths = (
				"${PODS_ROOT}/Target Support Files/Pods-TV Show/Pods-TV Show-frameworks-${CONFIGURATION}-output-files.xcfilelist",
			);
			runOnlyForDeploymentPostprocessing = 0;
			shellPath = /bin/sh;
			shellScript = "\"${PODS_ROOT}/Target Support Files/Pods-TV Show/Pods-TV Show-frameworks.sh\"\n";
			showEnvVarsInLog = 0;
		};
		94BD2BA854A2B39C3B3A3AF8 /* [CP] Check Pods Manifest.lock */ = {
			isa = PBXShellScriptBuildPhase;
			buildActionMask = 2147483647;
			files = (
			);
			inputFileListPaths = (
			);
			inputPaths = (
				"${PODS_PODFILE_DIR_PATH}/Podfile.lock",
				"${PODS_ROOT}/Manifest.lock",
			);
			name = "[CP] Check Pods Manifest.lock";
			outputFileListPaths = (
			);
			outputPaths = (
				"$(DERIVED_FILE_DIR)/Pods-TV Show-checkManifestLockResult.txt",
			);
			runOnlyForDeploymentPostprocessing = 0;
			shellPath = /bin/sh;
			shellScript = "diff \"${PODS_PODFILE_DIR_PATH}/Podfile.lock\" \"${PODS_ROOT}/Manifest.lock\" > /dev/null\nif [ $? != 0 ] ; then\n    # print error to STDERR\n    echo \"error: The sandbox is not in sync with the Podfile.lock. Run 'pod install' or update your CocoaPods installation.\" >&2\n    exit 1\nfi\n# This output is used by Xcode 'outputs' to avoid re-running this script phase.\necho \"SUCCESS\" > \"${SCRIPT_OUTPUT_FILE_0}\"\n";
			showEnvVarsInLog = 0;
		};
/* End PBXShellScriptBuildPhase section */

/* Begin PBXSourcesBuildPhase section */
		42B19E942875F82000EB4836 /* Sources */ = {
			isa = PBXSourcesBuildPhase;
			buildActionMask = 2147483647;
			files = (
				421E16DD2885F5880091C076 /* HomeViewController.swift in Sources */,
				427277FE287853FC0057F632 /* LoginViewController.swift in Sources */,
				42B19EA02875F82000EB4836 /* ViewController.swift in Sources */,
				421E16DF2885FD830091C076 /* ApiUser.swift in Sources */,
				42B19E9C2875F82000EB4836 /* AppDelegate.swift in Sources */,
				421EF822288D3BBA00658A07 /* ApiShows.swift in Sources */,
				42B19E9E2875F82000EB4836 /* SceneDelegate.swift in Sources */,
			);
			runOnlyForDeploymentPostprocessing = 0;
		};
/* End PBXSourcesBuildPhase section */

/* Begin PBXVariantGroup section */
		42B19EA62875F82200EB4836 /* LaunchScreen.storyboard */ = {
			isa = PBXVariantGroup;
			children = (
				42B19EA72875F82200EB4836 /* Base */,
			);
			name = LaunchScreen.storyboard;
			sourceTree = "<group>";
		};
/* End PBXVariantGroup section */

/* Begin XCBuildConfiguration section */
		42B19EAA2875F82200EB4836 /* Debug */ = {
			isa = XCBuildConfiguration;
			buildSettings = {
				ALWAYS_SEARCH_USER_PATHS = NO;
				CLANG_ANALYZER_NONNULL = YES;
				CLANG_ANALYZER_NUMBER_OBJECT_CONVERSION = YES_AGGRESSIVE;
				CLANG_CXX_LANGUAGE_STANDARD = "gnu++17";
				CLANG_ENABLE_MODULES = YES;
				CLANG_ENABLE_OBJC_ARC = YES;
				CLANG_ENABLE_OBJC_WEAK = YES;
				CLANG_WARN_BLOCK_CAPTURE_AUTORELEASING = YES;
				CLANG_WARN_BOOL_CONVERSION = YES;
				CLANG_WARN_COMMA = YES;
				CLANG_WARN_CONSTANT_CONVERSION = YES;
				CLANG_WARN_DEPRECATED_OBJC_IMPLEMENTATIONS = YES;
				CLANG_WARN_DIRECT_OBJC_ISA_USAGE = YES_ERROR;
				CLANG_WARN_DOCUMENTATION_COMMENTS = YES;
				CLANG_WARN_EMPTY_BODY = YES;
				CLANG_WARN_ENUM_CONVERSION = YES;
				CLANG_WARN_INFINITE_RECURSION = YES;
				CLANG_WARN_INT_CONVERSION = YES;
				CLANG_WARN_NON_LITERAL_NULL_CONVERSION = YES;
				CLANG_WARN_OBJC_IMPLICIT_RETAIN_SELF = YES;
				CLANG_WARN_OBJC_LITERAL_CONVERSION = YES;
				CLANG_WARN_OBJC_ROOT_CLASS = YES_ERROR;
				CLANG_WARN_QUOTED_INCLUDE_IN_FRAMEWORK_HEADER = YES;
				CLANG_WARN_RANGE_LOOP_ANALYSIS = YES;
				CLANG_WARN_STRICT_PROTOTYPES = YES;
				CLANG_WARN_SUSPICIOUS_MOVE = YES;
				CLANG_WARN_UNGUARDED_AVAILABILITY = YES_AGGRESSIVE;
				CLANG_WARN_UNREACHABLE_CODE = YES;
				CLANG_WARN__DUPLICATE_METHOD_MATCH = YES;
				COPY_PHASE_STRIP = NO;
				DEBUG_INFORMATION_FORMAT = dwarf;
				ENABLE_STRICT_OBJC_MSGSEND = YES;
				ENABLE_TESTABILITY = YES;
				GCC_C_LANGUAGE_STANDARD = gnu11;
				GCC_DYNAMIC_NO_PIC = NO;
				GCC_NO_COMMON_BLOCKS = YES;
				GCC_OPTIMIZATION_LEVEL = 0;
				GCC_PREPROCESSOR_DEFINITIONS = (
					"DEBUG=1",
					"$(inherited)",
				);
				GCC_WARN_64_TO_32_BIT_CONVERSION = YES;
				GCC_WARN_ABOUT_RETURN_TYPE = YES_ERROR;
				GCC_WARN_UNDECLARED_SELECTOR = YES;
				GCC_WARN_UNINITIALIZED_AUTOS = YES_AGGRESSIVE;
				GCC_WARN_UNUSED_FUNCTION = YES;
				GCC_WARN_UNUSED_VARIABLE = YES;
				IPHONEOS_DEPLOYMENT_TARGET = 15.5;
				MTL_ENABLE_DEBUG_INFO = INCLUDE_SOURCE;
				MTL_FAST_MATH = YES;
				ONLY_ACTIVE_ARCH = YES;
				SDKROOT = iphoneos;
				SWIFT_ACTIVE_COMPILATION_CONDITIONS = DEBUG;
				SWIFT_OPTIMIZATION_LEVEL = "-Onone";
			};
			name = Debug;
		};
		42B19EAB2875F82200EB4836 /* Release */ = {
			isa = XCBuildConfiguration;
			buildSettings = {
				ALWAYS_SEARCH_USER_PATHS = NO;
				CLANG_ANALYZER_NONNULL = YES;
				CLANG_ANALYZER_NUMBER_OBJECT_CONVERSION = YES_AGGRESSIVE;
				CLANG_CXX_LANGUAGE_STANDARD = "gnu++17";
				CLANG_ENABLE_MODULES = YES;
				CLANG_ENABLE_OBJC_ARC = YES;
				CLANG_ENABLE_OBJC_WEAK = YES;
				CLANG_WARN_BLOCK_CAPTURE_AUTORELEASING = YES;
				CLANG_WARN_BOOL_CONVERSION = YES;
				CLANG_WARN_COMMA = YES;
				CLANG_WARN_CONSTANT_CONVERSION = YES;
				CLANG_WARN_DEPRECATED_OBJC_IMPLEMENTATIONS = YES;
				CLANG_WARN_DIRECT_OBJC_ISA_USAGE = YES_ERROR;
				CLANG_WARN_DOCUMENTATION_COMMENTS = YES;
				CLANG_WARN_EMPTY_BODY = YES;
				CLANG_WARN_ENUM_CONVERSION = YES;
				CLANG_WARN_INFINITE_RECURSION = YES;
				CLANG_WARN_INT_CONVERSION = YES;
				CLANG_WARN_NON_LITERAL_NULL_CONVERSION = YES;
				CLANG_WARN_OBJC_IMPLICIT_RETAIN_SELF = YES;
				CLANG_WARN_OBJC_LITERAL_CONVERSION = YES;
				CLANG_WARN_OBJC_ROOT_CLASS = YES_ERROR;
				CLANG_WARN_QUOTED_INCLUDE_IN_FRAMEWORK_HEADER = YES;
				CLANG_WARN_RANGE_LOOP_ANALYSIS = YES;
				CLANG_WARN_STRICT_PROTOTYPES = YES;
				CLANG_WARN_SUSPICIOUS_MOVE = YES;
				CLANG_WARN_UNGUARDED_AVAILABILITY = YES_AGGRESSIVE;
				CLANG_WARN_UNREACHABLE_CODE = YES;
				CLANG_WARN__DUPLICATE_METHOD_MATCH = YES;
				COPY_PHASE_STRIP = NO;
				DEBUG_INFORMATION_FORMAT = "dwarf-with-dsym";
				ENABLE_NS_ASSERTIONS = NO;
				ENABLE_STRICT_OBJC_MSGSEND = YES;
				GCC_C_LANGUAGE_STANDARD = gnu11;
				GCC_NO_COMMON_BLOCKS = YES;
				GCC_WARN_64_TO_32_BIT_CONVERSION = YES;
				GCC_WARN_ABOUT_RETURN_TYPE = YES_ERROR;
				GCC_WARN_UNDECLARED_SELECTOR = YES;
				GCC_WARN_UNINITIALIZED_AUTOS = YES_AGGRESSIVE;
				GCC_WARN_UNUSED_FUNCTION = YES;
				GCC_WARN_UNUSED_VARIABLE = YES;
				IPHONEOS_DEPLOYMENT_TARGET = 15.5;
				MTL_ENABLE_DEBUG_INFO = NO;
				MTL_FAST_MATH = YES;
				SDKROOT = iphoneos;
				SWIFT_COMPILATION_MODE = wholemodule;
				SWIFT_OPTIMIZATION_LEVEL = "-O";
				VALIDATE_PRODUCT = YES;
			};
			name = Release;
		};
		42B19EAD2875F82200EB4836 /* Debug */ = {
			isa = XCBuildConfiguration;
			baseConfigurationReference = BE3107D1077911F4E916C452 /* Pods-TV Show.debug.xcconfig */;
			buildSettings = {
				ASSETCATALOG_COMPILER_APPICON_NAME = AppIcon;
				ASSETCATALOG_COMPILER_GLOBAL_ACCENT_COLOR_NAME = AccentColor;
				CODE_SIGN_STYLE = Automatic;
				CURRENT_PROJECT_VERSION = 1;
				GENERATE_INFOPLIST_FILE = YES;
				INFOPLIST_FILE = "TV Show/Info.plist";
				INFOPLIST_KEY_UIApplicationSupportsIndirectInputEvents = YES;
				INFOPLIST_KEY_UILaunchStoryboardName = LaunchScreen;
				INFOPLIST_KEY_UIMainStoryboardFile = Login;
				INFOPLIST_KEY_UISupportedInterfaceOrientations = UIInterfaceOrientationPortrait;
				INFOPLIST_KEY_UISupportedInterfaceOrientations_iPad = "UIInterfaceOrientationPortrait UIInterfaceOrientationPortraitUpsideDown UIInterfaceOrientationLandscapeLeft UIInterfaceOrientationLandscapeRight";
				INFOPLIST_KEY_UISupportedInterfaceOrientations_iPhone = "UIInterfaceOrientationPortrait UIInterfaceOrientationLandscapeLeft UIInterfaceOrientationLandscapeRight";
				INFOPLIST_KEY_UIUserInterfaceStyle = Light;
				LD_RUNPATH_SEARCH_PATHS = (
					"$(inherited)",
					"@executable_path/Frameworks",
				);
				MARKETING_VERSION = 1.0;
				PRODUCT_BUNDLE_IDENTIFIER = "com.infinum.academy.danielk.TV-Show";
				PRODUCT_NAME = "$(TARGET_NAME)";
				SWIFT_EMIT_LOC_STRINGS = YES;
				SWIFT_VERSION = 5.0;
				TARGETED_DEVICE_FAMILY = "1,2";
			};
			name = Debug;
		};
		42B19EAE2875F82200EB4836 /* Release */ = {
			isa = XCBuildConfiguration;
			baseConfigurationReference = A73CF2C284F0B27B917B2283 /* Pods-TV Show.release.xcconfig */;
			buildSettings = {
				ASSETCATALOG_COMPILER_APPICON_NAME = AppIcon;
				ASSETCATALOG_COMPILER_GLOBAL_ACCENT_COLOR_NAME = AccentColor;
				CODE_SIGN_STYLE = Automatic;
				CURRENT_PROJECT_VERSION = 1;
				GENERATE_INFOPLIST_FILE = YES;
				INFOPLIST_FILE = "TV Show/Info.plist";
				INFOPLIST_KEY_UIApplicationSupportsIndirectInputEvents = YES;
				INFOPLIST_KEY_UILaunchStoryboardName = LaunchScreen;
				INFOPLIST_KEY_UIMainStoryboardFile = Login;
				INFOPLIST_KEY_UISupportedInterfaceOrientations = UIInterfaceOrientationPortrait;
				INFOPLIST_KEY_UISupportedInterfaceOrientations_iPad = "UIInterfaceOrientationPortrait UIInterfaceOrientationPortraitUpsideDown UIInterfaceOrientationLandscapeLeft UIInterfaceOrientationLandscapeRight";
				INFOPLIST_KEY_UISupportedInterfaceOrientations_iPhone = "UIInterfaceOrientationPortrait UIInterfaceOrientationLandscapeLeft UIInterfaceOrientationLandscapeRight";
				INFOPLIST_KEY_UIUserInterfaceStyle = Light;
				LD_RUNPATH_SEARCH_PATHS = (
					"$(inherited)",
					"@executable_path/Frameworks",
				);
				MARKETING_VERSION = 1.0;
				PRODUCT_BUNDLE_IDENTIFIER = "com.infinum.academy.danielk.TV-Show";
				PRODUCT_NAME = "$(TARGET_NAME)";
				SWIFT_EMIT_LOC_STRINGS = YES;
				SWIFT_VERSION = 5.0;
				TARGETED_DEVICE_FAMILY = "1,2";
			};
			name = Release;
		};
/* End XCBuildConfiguration section */

/* Begin XCConfigurationList section */
		42B19E932875F82000EB4836 /* Build configuration list for PBXProject "TV Show" */ = {
			isa = XCConfigurationList;
			buildConfigurations = (
				42B19EAA2875F82200EB4836 /* Debug */,
				42B19EAB2875F82200EB4836 /* Release */,
			);
			defaultConfigurationIsVisible = 0;
			defaultConfigurationName = Release;
		};
		42B19EAC2875F82200EB4836 /* Build configuration list for PBXNativeTarget "TV Show" */ = {
			isa = XCConfigurationList;
			buildConfigurations = (
				42B19EAD2875F82200EB4836 /* Debug */,
				42B19EAE2875F82200EB4836 /* Release */,
			);
			defaultConfigurationIsVisible = 0;
			defaultConfigurationName = Release;
		};
/* End XCConfigurationList section */
	};
	rootObject = 42B19E902875F82000EB4836 /* Project object */;
}
