PODS:
  - Alamofire (5.4.3)
  - Kingfisher (7.3.0)
  - MBProgressHUD (1.2.0)

DEPENDENCIES:
  - Alamofire
  - Kingfisher (~> 7.0)
  - MBProgressHUD

SPEC REPOS:
  trunk:
    - Alamofire
    - Kingfisher
    - MBProgressHUD

SPEC CHECKSUMS:
  Alamofire: e447a2774a40c996748296fa2c55112fdbbc42f9
  Kingfisher: cdb1189a9223b1bc028816bd47c8b8101a58831c
  MBProgressHUD: 3ee5efcc380f6a79a7cc9b363dd669c5e1ae7406

PODFILE CHECKSUM: 7916e04512ad7cfeb3a6e47f8edcd5f7b28807ad

COCOAPODS: 1.11.3
